
Microsoft Visual Studio Solution File, Format Version 12.00
# Visual Studio Version 17
VisualStudioVersion = 17.14.36804.6
MinimumVisualStudioVersion = 10.0.40219.1
Project("{FAE04EC0-301F-11D3-BF4B-00C04F79EFBC}") = "Servicehub", "Servicehub\Servicehub.csproj", "{7F53E366-03B1-43F1-BF01-7E7949FB42D7}"
EndProject
Project("{FAE04EC0-301F-11D3-BF4B-00C04F79EFBC}") = "ServiceHubClass", "ServiceHubClass\ServiceHubClass.csproj", "{E9170FEA-8E71-4FFE-8916-5DC47D262197}"
EndProject
Global
	GlobalSection(SolutionConfigurationPlatforms) = preSolution
		Debug|Any CPU = Debug|Any CPU
		Release|Any CPU = Release|Any CPU
	EndGlobalSection
	GlobalSection(ProjectConfigurationPlatforms) = postSolution
		{7F53E366-03B1-43F1-BF01-7E7949FB42D7}.Debug|Any CPU.ActiveCfg = Debug|Any CPU
		{7F53E366-03B1-43F1-BF01-7E7949FB42D7}.Debug|Any CPU.Build.0 = Debug|Any CPU
		{7F53E366-03B1-43F1-BF01-7E7949FB42D7}.Release|Any CPU.ActiveCfg = Release|Any CPU
		{7F53E366-03B1-43F1-BF01-7E7949FB42D7}.Release|Any CPU.Build.0 = Release|Any CPU
		{E9170FEA-8E71-4FFE-8916-5DC47D262197}.Debug|Any CPU.ActiveCfg = Debug|Any CPU
		{E9170FEA-8E71-4FFE-8916-5DC47D262197}.Debug|Any CPU.Build.0 = Debug|Any CPU
		{E9170FEA-8E71-4FFE-8916-5DC47D262197}.Release|Any CPU.ActiveCfg = Release|Any CPU
		{E9170FEA-8E71-4FFE-8916-5DC47D262197}.Release|Any CPU.Build.0 = Release|Any CPU
	EndGlobalSection
	GlobalSection(SolutionProperties) = preSolution
		HideSolutionNode = FALSE
	EndGlobalSection
	GlobalSection(ExtensibilityGlobals) = postSolution
		SolutionGuid = {AE5067DD-82C0-43D7-BCB7-97B5B74127F5}
	EndGlobalSection
EndGlobal
